
Microsoft Visual Studio Solution File, Format Version 12.00
# Visual Studio Version 17
VisualStudioVersion = 17.7.34009.444
MinimumVisualStudioVersion = 10.0.40219.1
Project("{9A19103F-16F7-4668-BE54-9A1E7A4F7556}") = "ELPS.Domain", "ELPS.Domain\ELPS.Domain.csproj", "{4AC24676-D0B4-4897-B354-737C4E66F60B}"
EndProject
Project("{9A19103F-16F7-4668-BE54-9A1E7A4F7556}") = "ELPS.Application", "ELPS.Application\ELPS.Application.csproj", "{F51F3BC1-76C4-44B4-882C-6C5C6552103B}"
EndProject
Project("{9A19103F-16F7-4668-BE54-9A1E7A4F7556}") = "ELPS.Contracts", "ELPS.Contracts\ELPS.Contracts.csproj", "{3D3849CE-19FA-42D7-9F21-2AD8E653587F}"
EndProject
Project("{9A19103F-16F7-4668-BE54-9A1E7A4F7556}") = "ELPS.Infrastructure", "ELPS.Infrastructure\ELPS.Infrastructure.csproj", "{3BCF12A8-1981-4EC2-9B13-FB6E3E6F0267}"
EndProject
Project("{9A19103F-16F7-4668-BE54-9A1E7A4F7556}") = "ELPS.Api", "ELPS.Api\ELPS.Api.csproj", "{945E3F07-625E-49FC-83E9-9D2437176F33}"
EndProject
Project("{2150E333-8FDC-42A3-9474-1A3956D46DE8}") = "Request", "Request", "{051180A5-8B80-4C57-BA2D-CBC646860066}"
EndProject
Project("{2150E333-8FDC-42A3-9474-1A3956D46DE8}") = "Weather", "Weather", "{733B9299-3ABB-4122-95BD-0A820CC05F11}"
	ProjectSection(SolutionItems) = preProject
		GetForcasts.http = GetForcasts.http
	EndProjectSection
EndProject
Global
	GlobalSection(SolutionConfigurationPlatforms) = preSolution
		Debug|Any CPU = Debug|Any CPU
		Release|Any CPU = Release|Any CPU
	EndGlobalSection
	GlobalSection(ProjectConfigurationPlatforms) = postSolution
		{4AC24676-D0B4-4897-B354-737C4E66F60B}.Debug|Any CPU.ActiveCfg = Debug|Any CPU
		{4AC24676-D0B4-4897-B354-737C4E66F60B}.Debug|Any CPU.Build.0 = Debug|Any CPU
		{4AC24676-D0B4-4897-B354-737C4E66F60B}.Release|Any CPU.ActiveCfg = Release|Any CPU
		{4AC24676-D0B4-4897-B354-737C4E66F60B}.Release|Any CPU.Build.0 = Release|Any CPU
		{F51F3BC1-76C4-44B4-882C-6C5C6552103B}.Debug|Any CPU.ActiveCfg = Debug|Any CPU
		{F51F3BC1-76C4-44B4-882C-6C5C6552103B}.Debug|Any CPU.Build.0 = Debug|Any CPU
		{F51F3BC1-76C4-44B4-882C-6C5C6552103B}.Release|Any CPU.ActiveCfg = Release|Any CPU
		{F51F3BC1-76C4-44B4-882C-6C5C6552103B}.Release|Any CPU.Build.0 = Release|Any CPU
		{3D3849CE-19FA-42D7-9F21-2AD8E653587F}.Debug|Any CPU.ActiveCfg = Debug|Any CPU
		{3D3849CE-19FA-42D7-9F21-2AD8E653587F}.Debug|Any CPU.Build.0 = Debug|Any CPU
		{3D3849CE-19FA-42D7-9F21-2AD8E653587F}.Release|Any CPU.ActiveCfg = Release|Any CPU
		{3D3849CE-19FA-42D7-9F21-2AD8E653587F}.Release|Any CPU.Build.0 = Release|Any CPU
		{3BCF12A8-1981-4EC2-9B13-FB6E3E6F0267}.Debug|Any CPU.ActiveCfg = Debug|Any CPU
		{3BCF12A8-1981-4EC2-9B13-FB6E3E6F0267}.Debug|Any CPU.Build.0 = Debug|Any CPU
		{3BCF12A8-1981-4EC2-9B13-FB6E3E6F0267}.Release|Any CPU.ActiveCfg = Release|Any CPU
		{3BCF12A8-1981-4EC2-9B13-FB6E3E6F0267}.Release|Any CPU.Build.0 = Release|Any CPU
		{945E3F07-625E-49FC-83E9-9D2437176F33}.Debug|Any CPU.ActiveCfg = Debug|Any CPU
		{945E3F07-625E-49FC-83E9-9D2437176F33}.Debug|Any CPU.Build.0 = Debug|Any CPU
		{945E3F07-625E-49FC-83E9-9D2437176F33}.Release|Any CPU.ActiveCfg = Release|Any CPU
		{945E3F07-625E-49FC-83E9-9D2437176F33}.Release|Any CPU.Build.0 = Release|Any CPU
	EndGlobalSection
	GlobalSection(SolutionProperties) = preSolution
		HideSolutionNode = FALSE
	EndGlobalSection
	GlobalSection(NestedProjects) = preSolution
		{733B9299-3ABB-4122-95BD-0A820CC05F11} = {051180A5-8B80-4C57-BA2D-CBC646860066}
	EndGlobalSection
	GlobalSection(ExtensibilityGlobals) = postSolution
		SolutionGuid = {A86F9058-7367-4630-87F3-DBAF68A6C3AA}
	EndGlobalSection
EndGlobal
